
Microsoft Visual Studio Solution File, Format Version 12.00
# Visual Studio Version 17
VisualStudioVersion = 17.0.31903.59
MinimumVisualStudioVersion = 10.0.40219.1
Project("{FAE04EC0-301F-11D3-BF4B-00C04F79EFBC}") = "InOut.Api", "InOut.Api\InOut.Api.csproj", "{5F4AC0F7-F95A-41BE-A04F-FFAC528617CE}"
EndProject
Project("{FAE04EC0-301F-11D3-BF4B-00C04F79EFBC}") = "InOut.Domain", "InOut.Domain\InOut.Domain.csproj", "{153069F5-94AD-4339-95A7-2EE35758AFBA}"
EndProject
Project("{FAE04EC0-301F-11D3-BF4B-00C04F79EFBC}") = "InOut.Infrastructure", "InOut.Infrastructure\InOut.Infrastructure.csproj", "{E373CEF7-5779-47DF-9784-034D2E11E13D}"
EndProject
Global
	GlobalSection(SolutionConfigurationPlatforms) = preSolution
		Debug|Any CPU = Debug|Any CPU
		Debug|x64 = Debug|x64
		Debug|x86 = Debug|x86
		Release|Any CPU = Release|Any CPU
		Release|x64 = Release|x64
		Release|x86 = Release|x86
	EndGlobalSection
	GlobalSection(ProjectConfigurationPlatforms) = postSolution
		{5F4AC0F7-F95A-41BE-A04F-FFAC528617CE}.Debug|Any CPU.ActiveCfg = Debug|Any CPU
		{5F4AC0F7-F95A-41BE-A04F-FFAC528617CE}.Debug|Any CPU.Build.0 = Debug|Any CPU
		{5F4AC0F7-F95A-41BE-A04F-FFAC528617CE}.Debug|x64.ActiveCfg = Debug|Any CPU
		{5F4AC0F7-F95A-41BE-A04F-FFAC528617CE}.Debug|x64.Build.0 = Debug|Any CPU
		{5F4AC0F7-F95A-41BE-A04F-FFAC528617CE}.Debug|x86.ActiveCfg = Debug|Any CPU
		{5F4AC0F7-F95A-41BE-A04F-FFAC528617CE}.Debug|x86.Build.0 = Debug|Any CPU
		{5F4AC0F7-F95A-41BE-A04F-FFAC528617CE}.Release|Any CPU.ActiveCfg = Release|Any CPU
		{5F4AC0F7-F95A-41BE-A04F-FFAC528617CE}.Release|Any CPU.Build.0 = Release|Any CPU
		{5F4AC0F7-F95A-41BE-A04F-FFAC528617CE}.Release|x64.ActiveCfg = Release|Any CPU
		{5F4AC0F7-F95A-41BE-A04F-FFAC528617CE}.Release|x64.Build.0 = Release|Any CPU
		{5F4AC0F7-F95A-41BE-A04F-FFAC528617CE}.Release|x86.ActiveCfg = Release|Any CPU
		{5F4AC0F7-F95A-41BE-A04F-FFAC528617CE}.Release|x86.Build.0 = Release|Any CPU
		{153069F5-94AD-4339-95A7-2EE35758AFBA}.Debug|Any CPU.ActiveCfg = Debug|Any CPU
		{153069F5-94AD-4339-95A7-2EE35758AFBA}.Debug|Any CPU.Build.0 = Debug|Any CPU
		{153069F5-94AD-4339-95A7-2EE35758AFBA}.Debug|x64.ActiveCfg = Debug|Any CPU
		{153069F5-94AD-4339-95A7-2EE35758AFBA}.Debug|x64.Build.0 = Debug|Any CPU
		{153069F5-94AD-4339-95A7-2EE35758AFBA}.Debug|x86.ActiveCfg = Debug|Any CPU
		{153069F5-94AD-4339-95A7-2EE35758AFBA}.Debug|x86.Build.0 = Debug|Any CPU
		{153069F5-94AD-4339-95A7-2EE35758AFBA}.Release|Any CPU.ActiveCfg = Release|Any CPU
		{153069F5-94AD-4339-95A7-2EE35758AFBA}.Release|Any CPU.Build.0 = Release|Any CPU
		{153069F5-94AD-4339-95A7-2EE35758AFBA}.Release|x64.ActiveCfg = Release|Any CPU
		{153069F5-94AD-4339-95A7-2EE35758AFBA}.Release|x64.Build.0 = Release|Any CPU
		{153069F5-94AD-4339-95A7-2EE35758AFBA}.Release|x86.ActiveCfg = Release|Any CPU
		{153069F5-94AD-4339-95A7-2EE35758AFBA}.Release|x86.Build.0 = Release|Any CPU
		{E373CEF7-5779-47DF-9784-034D2E11E13D}.Debug|Any CPU.ActiveCfg = Debug|Any CPU
		{E373CEF7-5779-47DF-9784-034D2E11E13D}.Debug|Any CPU.Build.0 = Debug|Any CPU
		{E373CEF7-5779-47DF-9784-034D2E11E13D}.Debug|x64.ActiveCfg = Debug|Any CPU
		{E373CEF7-5779-47DF-9784-034D2E11E13D}.Debug|x64.Build.0 = Debug|Any CPU
		{E373CEF7-5779-47DF-9784-034D2E11E13D}.Debug|x86.ActiveCfg = Debug|Any CPU
		{E373CEF7-5779-47DF-9784-034D2E11E13D}.Debug|x86.Build.0 = Debug|Any CPU
		{E373CEF7-5779-47DF-9784-034D2E11E13D}.Release|Any CPU.ActiveCfg = Release|Any CPU
		{E373CEF7-5779-47DF-9784-034D2E11E13D}.Release|Any CPU.Build.0 = Release|Any CPU
		{E373CEF7-5779-47DF-9784-034D2E11E13D}.Release|x64.ActiveCfg = Release|Any CPU
		{E373CEF7-5779-47DF-9784-034D2E11E13D}.Release|x64.Build.0 = Release|Any CPU
		{E373CEF7-5779-47DF-9784-034D2E11E13D}.Release|x86.ActiveCfg = Release|Any CPU
		{E373CEF7-5779-47DF-9784-034D2E11E13D}.Release|x86.Build.0 = Release|Any CPU
	EndGlobalSection
	GlobalSection(SolutionProperties) = preSolution
		HideSolutionNode = FALSE
	EndGlobalSection
EndGlobal
